{
  "name": "ri4",
  "version": "1.0.0",
  "lockfileVersion": 3,
  "requires": true,
  "packages": {
    "": {
      "name": "ri4",
      "version": "1.0.0",
      "license": "ISC",
      "dependencies": {
        "modulo": "file:../modulo"
      }
    },
    "../modulo": {
      "version": "1.0.0",
      "license": "ISC"
    },
    "node_modules/modulo": {
      "resolved": "../modulo",
      "link": true
    }
  }
}
